
Microsoft Visual Studio Solution File, Format Version 12.00
# Visual Studio Version 16
VisualStudioVersion = 16.0.29503.13
MinimumVisualStudioVersion = 10.0.40219.1
Project("{9A19103F-16F7-4668-BE54-9A1E7A4F7556}") = "Ecommerce", "EcommerceUI\Ecommerce.csproj", "{2CCE5410-3F0F-42C6-BB1E-8F697B0804ED}"
EndProject
Global
	GlobalSection(SolutionConfigurationPlatforms) = preSolution
		Debug|Any CPU = Debug|Any CPU
		Release|Any CPU = Release|Any CPU
	EndGlobalSection
	GlobalSection(ProjectConfigurationPlatforms) = postSolution
		{2CCE5410-3F0F-42C6-BB1E-8F697B0804ED}.Debug|Any CPU.ActiveCfg = Debug|Any CPU
		{2CCE5410-3F0F-42C6-BB1E-8F697B0804ED}.Debug|Any CPU.Build.0 = Debug|Any CPU
		{2CCE5410-3F0F-42C6-BB1E-8F697B0804ED}.Release|Any CPU.ActiveCfg = Release|Any CPU
		{2CCE5410-3F0F-42C6-BB1E-8F697B0804ED}.Release|Any CPU.Build.0 = Release|Any CPU
	EndGlobalSection
	GlobalSection(SolutionProperties) = preSolution
		HideSolutionNode = FALSE
	EndGlobalSection
	GlobalSection(ExtensibilityGlobals) = postSolution
		SolutionGuid = {26AD23B4-182B-4257-A9A2-E8EA1B9DCF44}
	EndGlobalSection
EndGlobal
